
Microsoft Visual Studio Solution File, Format Version 12.00
# Visual Studio Version 17
VisualStudioVersion = 17.0.31903.59
MinimumVisualStudioVersion = 10.0.40219.1
Project("{2150E333-8FDC-42A3-9474-1A3956D46DE8}") = "src", "src", "{827E0CD3-B72D-47B6-A68D-7590B98EB39B}"
EndProject
Project("{FAE04EC0-301F-11D3-BF4B-00C04F79EFBC}") = "BossNetCoreDemo.Web", "src\BossNetCoreDemo.Web\BossNetCoreDemo.Web.csproj", "{FDF63460-5CC1-4488-9F8E-15B7DF86A573}"
EndProject
Project("{FAE04EC0-301F-11D3-BF4B-00C04F79EFBC}") = "BossNetCoreDemo.Application", "src\BossNetCoreDemo.Application\BossNetCoreDemo.Application.csproj", "{9A77B76E-1EDD-41F9-AC86-6A498C0F25FA}"
EndProject
Project("{FAE04EC0-301F-11D3-BF4B-00C04F79EFBC}") = "BossNetCoreDemo.Domain", "src\BossNetCoreDemo.Domain\BossNetCoreDemo.Domain.csproj", "{B0D3E4D7-E925-4BAF-B2E8-7311D8724C9D}"
EndProject
Project("{FAE04EC0-301F-11D3-BF4B-00C04F79EFBC}") = "BossNetCoreDemo.Infrastructure", "src\BossNetCoreDemo.Infrastructure\BossNetCoreDemo.Infrastructure.csproj", "{A2DC2FCD-1115-40E6-8EEA-E12AB502FA5D}"
EndProject
Global
	GlobalSection(SolutionConfigurationPlatforms) = preSolution
		Debug|Any CPU = Debug|Any CPU
		Debug|x64 = Debug|x64
		Debug|x86 = Debug|x86
		Release|Any CPU = Release|Any CPU
		Release|x64 = Release|x64
		Release|x86 = Release|x86
	EndGlobalSection
	GlobalSection(ProjectConfigurationPlatforms) = postSolution
		{FDF63460-5CC1-4488-9F8E-15B7DF86A573}.Debug|Any CPU.ActiveCfg = Debug|Any CPU
		{FDF63460-5CC1-4488-9F8E-15B7DF86A573}.Debug|Any CPU.Build.0 = Debug|Any CPU
		{FDF63460-5CC1-4488-9F8E-15B7DF86A573}.Debug|x64.ActiveCfg = Debug|Any CPU
		{FDF63460-5CC1-4488-9F8E-15B7DF86A573}.Debug|x64.Build.0 = Debug|Any CPU
		{FDF63460-5CC1-4488-9F8E-15B7DF86A573}.Debug|x86.ActiveCfg = Debug|Any CPU
		{FDF63460-5CC1-4488-9F8E-15B7DF86A573}.Debug|x86.Build.0 = Debug|Any CPU
		{FDF63460-5CC1-4488-9F8E-15B7DF86A573}.Release|Any CPU.ActiveCfg = Release|Any CPU
		{FDF63460-5CC1-4488-9F8E-15B7DF86A573}.Release|Any CPU.Build.0 = Release|Any CPU
		{FDF63460-5CC1-4488-9F8E-15B7DF86A573}.Release|x64.ActiveCfg = Release|Any CPU
		{FDF63460-5CC1-4488-9F8E-15B7DF86A573}.Release|x64.Build.0 = Release|Any CPU
		{FDF63460-5CC1-4488-9F8E-15B7DF86A573}.Release|x86.ActiveCfg = Release|Any CPU
		{FDF63460-5CC1-4488-9F8E-15B7DF86A573}.Release|x86.Build.0 = Release|Any CPU
		{9A77B76E-1EDD-41F9-AC86-6A498C0F25FA}.Debug|Any CPU.ActiveCfg = Debug|Any CPU
		{9A77B76E-1EDD-41F9-AC86-6A498C0F25FA}.Debug|Any CPU.Build.0 = Debug|Any CPU
		{9A77B76E-1EDD-41F9-AC86-6A498C0F25FA}.Debug|x64.ActiveCfg = Debug|Any CPU
		{9A77B76E-1EDD-41F9-AC86-6A498C0F25FA}.Debug|x64.Build.0 = Debug|Any CPU
		{9A77B76E-1EDD-41F9-AC86-6A498C0F25FA}.Debug|x86.ActiveCfg = Debug|Any CPU
		{9A77B76E-1EDD-41F9-AC86-6A498C0F25FA}.Debug|x86.Build.0 = Debug|Any CPU
		{9A77B76E-1EDD-41F9-AC86-6A498C0F25FA}.Release|Any CPU.ActiveCfg = Release|Any CPU
		{9A77B76E-1EDD-41F9-AC86-6A498C0F25FA}.Release|Any CPU.Build.0 = Release|Any CPU
		{9A77B76E-1EDD-41F9-AC86-6A498C0F25FA}.Release|x64.ActiveCfg = Release|Any CPU
		{9A77B76E-1EDD-41F9-AC86-6A498C0F25FA}.Release|x64.Build.0 = Release|Any CPU
		{9A77B76E-1EDD-41F9-AC86-6A498C0F25FA}.Release|x86.ActiveCfg = Release|Any CPU
		{9A77B76E-1EDD-41F9-AC86-6A498C0F25FA}.Release|x86.Build.0 = Release|Any CPU
		{B0D3E4D7-E925-4BAF-B2E8-7311D8724C9D}.Debug|Any CPU.ActiveCfg = Debug|Any CPU
		{B0D3E4D7-E925-4BAF-B2E8-7311D8724C9D}.Debug|Any CPU.Build.0 = Debug|Any CPU
		{B0D3E4D7-E925-4BAF-B2E8-7311D8724C9D}.Debug|x64.ActiveCfg = Debug|Any CPU
		{B0D3E4D7-E925-4BAF-B2E8-7311D8724C9D}.Debug|x64.Build.0 = Debug|Any CPU
		{B0D3E4D7-E925-4BAF-B2E8-7311D8724C9D}.Debug|x86.ActiveCfg = Debug|Any CPU
		{B0D3E4D7-E925-4BAF-B2E8-7311D8724C9D}.Debug|x86.Build.0 = Debug|Any CPU
		{B0D3E4D7-E925-4BAF-B2E8-7311D8724C9D}.Release|Any CPU.ActiveCfg = Release|Any CPU
		{B0D3E4D7-E925-4BAF-B2E8-7311D8724C9D}.Release|Any CPU.Build.0 = Release|Any CPU
		{B0D3E4D7-E925-4BAF-B2E8-7311D8724C9D}.Release|x64.ActiveCfg = Release|Any CPU
		{B0D3E4D7-E925-4BAF-B2E8-7311D8724C9D}.Release|x64.Build.0 = Release|Any CPU
		{B0D3E4D7-E925-4BAF-B2E8-7311D8724C9D}.Release|x86.ActiveCfg = Release|Any CPU
		{B0D3E4D7-E925-4BAF-B2E8-7311D8724C9D}.Release|x86.Build.0 = Release|Any CPU
		{A2DC2FCD-1115-40E6-8EEA-E12AB502FA5D}.Debug|Any CPU.ActiveCfg = Debug|Any CPU
		{A2DC2FCD-1115-40E6-8EEA-E12AB502FA5D}.Debug|Any CPU.Build.0 = Debug|Any CPU
		{A2DC2FCD-1115-40E6-8EEA-E12AB502FA5D}.Debug|x64.ActiveCfg = Debug|Any CPU
		{A2DC2FCD-1115-40E6-8EEA-E12AB502FA5D}.Debug|x64.Build.0 = Debug|Any CPU
		{A2DC2FCD-1115-40E6-8EEA-E12AB502FA5D}.Debug|x86.ActiveCfg = Debug|Any CPU
		{A2DC2FCD-1115-40E6-8EEA-E12AB502FA5D}.Debug|x86.Build.0 = Debug|Any CPU
		{A2DC2FCD-1115-40E6-8EEA-E12AB502FA5D}.Release|Any CPU.ActiveCfg = Release|Any CPU
		{A2DC2FCD-1115-40E6-8EEA-E12AB502FA5D}.Release|Any CPU.Build.0 = Release|Any CPU
		{A2DC2FCD-1115-40E6-8EEA-E12AB502FA5D}.Release|x64.ActiveCfg = Release|Any CPU
		{A2DC2FCD-1115-40E6-8EEA-E12AB502FA5D}.Release|x64.Build.0 = Release|Any CPU
		{A2DC2FCD-1115-40E6-8EEA-E12AB502FA5D}.Release|x86.ActiveCfg = Release|Any CPU
		{A2DC2FCD-1115-40E6-8EEA-E12AB502FA5D}.Release|x86.Build.0 = Release|Any CPU
	EndGlobalSection
	GlobalSection(SolutionProperties) = preSolution
		HideSolutionNode = FALSE
	EndGlobalSection
	GlobalSection(NestedProjects) = preSolution
		{FDF63460-5CC1-4488-9F8E-15B7DF86A573} = {827E0CD3-B72D-47B6-A68D-7590B98EB39B}
		{9A77B76E-1EDD-41F9-AC86-6A498C0F25FA} = {827E0CD3-B72D-47B6-A68D-7590B98EB39B}
		{B0D3E4D7-E925-4BAF-B2E8-7311D8724C9D} = {827E0CD3-B72D-47B6-A68D-7590B98EB39B}
		{A2DC2FCD-1115-40E6-8EEA-E12AB502FA5D} = {827E0CD3-B72D-47B6-A68D-7590B98EB39B}
	EndGlobalSection
EndGlobal
